// !$*UTF8*$!
{
	archiveVersion = 1;
	classes = {
	};
	objectVersion = 48;
	objects = {

/* Begin PBXBuildFile section */
		B244999F2040C340006FA81B /* fonts in Resources */ = {isa = PBXBuildFile; fileRef = B244999E2040C340006FA81B /* fonts */; };
		B247196E20453917006CF6C2 /* CartViewController.swift in Sources */ = {isa = PBXBuildFile; fileRef = B247196D20453917006CF6C2 /* CartViewController.swift */; };
		B247197020454733006CF6C2 /* CartTableViewCell.swift in Sources */ = {isa = PBXBuildFile; fileRef = B247196F20454733006CF6C2 /* CartTableViewCell.swift */; };
		B247197320454C4E006CF6C2 /* You’re so nice!.png in Resources */ = {isa = PBXBuildFile; fileRef = B247197120454C4D006CF6C2 /* You’re so nice!.png */; };
		B247197420454C4E006CF6C2 /* GiftWhite.png in Resources */ = {isa = PBXBuildFile; fileRef = B247197220454C4D006CF6C2 /* GiftWhite.png */; };
		B247197F2046245E006CF6C2 /* Sign Out SG.png in Resources */ = {isa = PBXBuildFile; fileRef = B24719752046245C006CF6C2 /* Sign Out SG.png */; };
		B24719802046245E006CF6C2 /* Get Help SG.png in Resources */ = {isa = PBXBuildFile; fileRef = B24719762046245C006CF6C2 /* Get Help SG.png */; };
		B24719812046245E006CF6C2 /* Cart Icon SG .png in Resources */ = {isa = PBXBuildFile; fileRef = B24719772046245D006CF6C2 /* Cart Icon SG .png */; };
		B24719822046245E006CF6C2 /* Card SG.png in Resources */ = {isa = PBXBuildFile; fileRef = B24719782046245D006CF6C2 /* Card SG.png */; };
		B24719832046245E006CF6C2 /* Notification Icon SG.png in Resources */ = {isa = PBXBuildFile; fileRef = B24719792046245D006CF6C2 /* Notification Icon SG.png */; };
		B24719842046245E006CF6C2 /* Blocked User SG.png in Resources */ = {isa = PBXBuildFile; fileRef = B247197A2046245D006CF6C2 /* Blocked User SG.png */; };
		B24719852046245E006CF6C2 /* trash SG.png in Resources */ = {isa = PBXBuildFile; fileRef = B247197B2046245D006CF6C2 /* trash SG.png */; };
		B24719862046245E006CF6C2 /* Lock SG.png in Resources */ = {isa = PBXBuildFile; fileRef = B247197C2046245E006CF6C2 /* Lock SG.png */; };
		B24719872046245E006CF6C2 /* Settings SG.png in Resources */ = {isa = PBXBuildFile; fileRef = B247197D2046245E006CF6C2 /* Settings SG.png */; };
		B24719882046245E006CF6C2 /* Profile SG.png in Resources */ = {isa = PBXBuildFile; fileRef = B247197E2046245E006CF6C2 /* Profile SG.png */; };
		B247198C204626ED006CF6C2 /* search Grey.png in Resources */ = {isa = PBXBuildFile; fileRef = B2471989204626EC006CF6C2 /* search Grey.png */; };
		B247198D204626ED006CF6C2 /* Cart Solid White Icon.png in Resources */ = {isa = PBXBuildFile; fileRef = B247198A204626ED006CF6C2 /* Cart Solid White Icon.png */; };
		B247198E204626ED006CF6C2 /* Search.png in Resources */ = {isa = PBXBuildFile; fileRef = B247198B204626ED006CF6C2 /* Search.png */; };
		B2471992204672B1006CF6C2 /* NotificationTableViewCell.swift in Sources */ = {isa = PBXBuildFile; fileRef = B2471991204672B1006CF6C2 /* NotificationTableViewCell.swift */; };
		B2471994204672DE006CF6C2 /* NotificationViewController.swift in Sources */ = {isa = PBXBuildFile; fileRef = B2471993204672DE006CF6C2 /* NotificationViewController.swift */; };
		B2548FFC2055EA97000123D0 /* sarah.png in Resources */ = {isa = PBXBuildFile; fileRef = B2548FF72055EA96000123D0 /* sarah.png */; };
		B2548FFD2055EA97000123D0 /* benny.png in Resources */ = {isa = PBXBuildFile; fileRef = B2548FF82055EA96000123D0 /* benny.png */; };
		B2548FFE2055EA97000123D0 /* jj.png in Resources */ = {isa = PBXBuildFile; fileRef = B2548FF92055EA96000123D0 /* jj.png */; };
		B2548FFF2055EA97000123D0 /* ammara.png in Resources */ = {isa = PBXBuildFile; fileRef = B2548FFA2055EA96000123D0 /* ammara.png */; };
		B25490002055EA97000123D0 /* avina.png in Resources */ = {isa = PBXBuildFile; fileRef = B2548FFB2055EA96000123D0 /* avina.png */; };
		B25490092058AE92000123D0 /* Login.storyboard in Resources */ = {isa = PBXBuildFile; fileRef = B25490082058AE92000123D0 /* Login.storyboard */; };
		B2624CF2204F714D006B7DE6 /* Andre2.png in Resources */ = {isa = PBXBuildFile; fileRef = B2624CF1204F714D006B7DE6 /* Andre2.png */; };
		B272DC2620439E2200EE2121 /* Product.swift in Sources */ = {isa = PBXBuildFile; fileRef = B272DC2520439E2200EE2121 /* Product.swift */; };
		B272DC2E2043BBE400EE2121 /* AppData.swift in Sources */ = {isa = PBXBuildFile; fileRef = B272DC2D2043BBE400EE2121 /* AppData.swift */; };
		B29AEC62203FC9C100110EF9 /* AppDelegate.swift in Sources */ = {isa = PBXBuildFile; fileRef = B29AEC61203FC9C100110EF9 /* AppDelegate.swift */; };
		B29AEC64203FC9C100110EF9 /* ViewController.swift in Sources */ = {isa = PBXBuildFile; fileRef = B29AEC63203FC9C100110EF9 /* ViewController.swift */; };
		B29AEC67203FC9C100110EF9 /* Main.storyboard in Resources */ = {isa = PBXBuildFile; fileRef = B29AEC65203FC9C100110EF9 /* Main.storyboard */; };
		B29AEC69203FC9C100110EF9 /* Assets.xcassets in Resources */ = {isa = PBXBuildFile; fileRef = B29AEC68203FC9C100110EF9 /* Assets.xcassets */; };
		B29AEC6C203FC9C100110EF9 /* LaunchScreen.storyboard in Resources */ = {isa = PBXBuildFile; fileRef = B29AEC6A203FC9C100110EF9 /* LaunchScreen.storyboard */; };
		B29AEC77203FC9C200110EF9 /* Mito_1_0Tests.swift in Sources */ = {isa = PBXBuildFile; fileRef = B29AEC76203FC9C200110EF9 /* Mito_1_0Tests.swift */; };
		B29AEC82203FC9C200110EF9 /* Mito_1_0UITests.swift in Sources */ = {isa = PBXBuildFile; fileRef = B29AEC81203FC9C200110EF9 /* Mito_1_0UITests.swift */; };
		B2F849452043C33F00CBD83A /* MeViewController.swift in Sources */ = {isa = PBXBuildFile; fileRef = B2F849442043C33F00CBD83A /* MeViewController.swift */; };
		B2F849472043CAA900CBD83A /* SettingsViewController.swift in Sources */ = {isa = PBXBuildFile; fileRef = B2F849462043CAA900CBD83A /* SettingsViewController.swift */; };
		B2F8494F2043D71000CBD83A /* LoginViewController.swift in Sources */ = {isa = PBXBuildFile; fileRef = B2F8494E2043D71000CBD83A /* LoginViewController.swift */; };
		BF623C7A17D127F65C5BFF46 /* Pods_Mito_1_0.framework in Frameworks */ = {isa = PBXBuildFile; fileRef = 00B658EBC5F86F98DCB37842 /* Pods_Mito_1_0.framework */; };
		DA27C218204353FF00CCFD60 /* HomeViewController.swift in Sources */ = {isa = PBXBuildFile; fileRef = DA27C217204353FF00CCFD60 /* HomeViewController.swift */; };
		DA27C21A2043550A00CCFD60 /* HomeTableViewCell.swift in Sources */ = {isa = PBXBuildFile; fileRef = DA27C2192043550A00CCFD60 /* HomeTableViewCell.swift */; };
		DA27C21C204356B400CCFD60 /* FeedItem.swift in Sources */ = {isa = PBXBuildFile; fileRef = DA27C21B204356B400CCFD60 /* FeedItem.swift */; };
		DA27C21E204371CE00CCFD60 /* ProductDetailsViewController.swift in Sources */ = {isa = PBXBuildFile; fileRef = DA27C21D204371CE00CCFD60 /* ProductDetailsViewController.swift */; };
		DA27C2202043736400CCFD60 /* Sopheak.png in Resources */ = {isa = PBXBuildFile; fileRef = DA27C21F2043736400CCFD60 /* Sopheak.png */; };
		DA49F1DB2055EF9E0018ABA4 /* ProductViewController.swift in Sources */ = {isa = PBXBuildFile; fileRef = DA49F1DA2055EF9E0018ABA4 /* ProductViewController.swift */; };
		DA4FC9EF2045E0D300999F28 /* profileInfo.json in Resources */ = {isa = PBXBuildFile; fileRef = DA4FC9EE2045E0D300999F28 /* profileInfo.json */; };
		DA5D683E2058A45F00E86BE8 /* ProductDetails.storyboard in Resources */ = {isa = PBXBuildFile; fileRef = DA5D683C2058A45F00E86BE8 /* ProductDetails.storyboard */; };
		DAD995312042386E007A7687 /* SearchViewController.swift in Sources */ = {isa = PBXBuildFile; fileRef = DAD995302042386E007A7687 /* SearchViewController.swift */; };
		DAD995332042389B007A7687 /* Person.swift in Sources */ = {isa = PBXBuildFile; fileRef = DAD995322042389B007A7687 /* Person.swift */; };
		DAD9953520423A4B007A7687 /* Andre.png in Resources */ = {isa = PBXBuildFile; fileRef = DAD9953420423A4B007A7687 /* Andre.png */; };
		DAD9953720423EE9007A7687 /* TableViewCell.swift in Sources */ = {isa = PBXBuildFile; fileRef = DAD9953620423EE9007A7687 /* TableViewCell.swift */; };
		DAD9A1A0204FD1C800E3AA5F /* ProductTableViewCell.swift in Sources */ = {isa = PBXBuildFile; fileRef = DAD9A19F204FD1C800E3AA5F /* ProductTableViewCell.swift */; };
/* End PBXBuildFile section */

/* Begin PBXContainerItemProxy section */
		B29AEC73203FC9C200110EF9 /* PBXContainerItemProxy */ = {
			isa = PBXContainerItemProxy;
			containerPortal = B29AEC56203FC9C100110EF9 /* Project object */;
			proxyType = 1;
			remoteGlobalIDString = B29AEC5D203FC9C100110EF9;
			remoteInfo = "Mito 1.0";
		};
		B29AEC7E203FC9C200110EF9 /* PBXContainerItemProxy */ = {
			isa = PBXContainerItemProxy;
			containerPortal = B29AEC56203FC9C100110EF9 /* Project object */;
			proxyType = 1;
			remoteGlobalIDString = B29AEC5D203FC9C100110EF9;
			remoteInfo = "Mito 1.0";
		};
/* End PBXContainerItemProxy section */

/* Begin PBXFileReference section */
		00B658EBC5F86F98DCB37842 /* Pods_Mito_1_0.framework */ = {isa = PBXFileReference; explicitFileType = wrapper.framework; includeInIndex = 0; path = Pods_Mito_1_0.framework; sourceTree = BUILT_PRODUCTS_DIR; };
		84DCA3E27CF3BAF309A28CA2 /* Pods-Mito 1.0.release.xcconfig */ = {isa = PBXFileReference; includeInIndex = 1; lastKnownFileType = text.xcconfig; name = "Pods-Mito 1.0.release.xcconfig"; path = "Pods/Target Support Files/Pods-Mito 1.0/Pods-Mito 1.0.release.xcconfig"; sourceTree = "<group>"; };
		B244999E2040C340006FA81B /* fonts */ = {isa = PBXFileReference; lastKnownFileType = folder; path = fonts; sourceTree = "<group>"; };
		B247196D20453917006CF6C2 /* CartViewController.swift */ = {isa = PBXFileReference; lastKnownFileType = sourcecode.swift; path = CartViewController.swift; sourceTree = "<group>"; };
		B247196F20454733006CF6C2 /* CartTableViewCell.swift */ = {isa = PBXFileReference; lastKnownFileType = sourcecode.swift; path = CartTableViewCell.swift; sourceTree = "<group>"; };
		B247197120454C4D006CF6C2 /* You’re so nice!.png */ = {isa = PBXFileReference; lastKnownFileType = image.png; path = "You’re so nice!.png"; sourceTree = "<group>"; };
		B247197220454C4D006CF6C2 /* GiftWhite.png */ = {isa = PBXFileReference; lastKnownFileType = image.png; path = GiftWhite.png; sourceTree = "<group>"; };
		B24719752046245C006CF6C2 /* Sign Out SG.png */ = {isa = PBXFileReference; lastKnownFileType = image.png; path = "Sign Out SG.png"; sourceTree = "<group>"; };
		B24719762046245C006CF6C2 /* Get Help SG.png */ = {isa = PBXFileReference; lastKnownFileType = image.png; path = "Get Help SG.png"; sourceTree = "<group>"; };
		B24719772046245D006CF6C2 /* Cart Icon SG .png */ = {isa = PBXFileReference; lastKnownFileType = image.png; path = "Cart Icon SG .png"; sourceTree = "<group>"; };
		B24719782046245D006CF6C2 /* Card SG.png */ = {isa = PBXFileReference; lastKnownFileType = image.png; path = "Card SG.png"; sourceTree = "<group>"; };
		B24719792046245D006CF6C2 /* Notification Icon SG.png */ = {isa = PBXFileReference; lastKnownFileType = image.png; path = "Notification Icon SG.png"; sourceTree = "<group>"; };
		B247197A2046245D006CF6C2 /* Blocked User SG.png */ = {isa = PBXFileReference; lastKnownFileType = image.png; path = "Blocked User SG.png"; sourceTree = "<group>"; };
		B247197B2046245D006CF6C2 /* trash SG.png */ = {isa = PBXFileReference; lastKnownFileType = image.png; path = "trash SG.png"; sourceTree = "<group>"; };
		B247197C2046245E006CF6C2 /* Lock SG.png */ = {isa = PBXFileReference; lastKnownFileType = image.png; path = "Lock SG.png"; sourceTree = "<group>"; };
		B247197D2046245E006CF6C2 /* Settings SG.png */ = {isa = PBXFileReference; lastKnownFileType = image.png; path = "Settings SG.png"; sourceTree = "<group>"; };
		B247197E2046245E006CF6C2 /* Profile SG.png */ = {isa = PBXFileReference; lastKnownFileType = image.png; path = "Profile SG.png"; sourceTree = "<group>"; };
		B2471989204626EC006CF6C2 /* search Grey.png */ = {isa = PBXFileReference; lastKnownFileType = image.png; path = "search Grey.png"; sourceTree = "<group>"; };
		B247198A204626ED006CF6C2 /* Cart Solid White Icon.png */ = {isa = PBXFileReference; lastKnownFileType = image.png; path = "Cart Solid White Icon.png"; sourceTree = "<group>"; };
		B247198B204626ED006CF6C2 /* Search.png */ = {isa = PBXFileReference; lastKnownFileType = image.png; path = Search.png; sourceTree = "<group>"; };
		B2471991204672B1006CF6C2 /* NotificationTableViewCell.swift */ = {isa = PBXFileReference; lastKnownFileType = sourcecode.swift; path = NotificationTableViewCell.swift; sourceTree = "<group>"; };
		B2471993204672DE006CF6C2 /* NotificationViewController.swift */ = {isa = PBXFileReference; lastKnownFileType = sourcecode.swift; path = NotificationViewController.swift; sourceTree = "<group>"; };
		B2548FF72055EA96000123D0 /* sarah.png */ = {isa = PBXFileReference; lastKnownFileType = image.png; path = sarah.png; sourceTree = "<group>"; };
		B2548FF82055EA96000123D0 /* benny.png */ = {isa = PBXFileReference; lastKnownFileType = image.png; path = benny.png; sourceTree = "<group>"; };
		B2548FF92055EA96000123D0 /* jj.png */ = {isa = PBXFileReference; lastKnownFileType = image.png; path = jj.png; sourceTree = "<group>"; };
		B2548FFA2055EA96000123D0 /* ammara.png */ = {isa = PBXFileReference; lastKnownFileType = image.png; path = ammara.png; sourceTree = "<group>"; };
		B2548FFB2055EA96000123D0 /* avina.png */ = {isa = PBXFileReference; lastKnownFileType = image.png; path = avina.png; sourceTree = "<group>"; };
		B25490082058AE92000123D0 /* Login.storyboard */ = {isa = PBXFileReference; fileEncoding = 4; lastKnownFileType = file.storyboard; path = Login.storyboard; sourceTree = "<group>"; };
		B2624CF1204F714D006B7DE6 /* Andre2.png */ = {isa = PBXFileReference; lastKnownFileType = image.png; path = Andre2.png; sourceTree = "<group>"; };
		B272DC2520439E2200EE2121 /* Product.swift */ = {isa = PBXFileReference; lastKnownFileType = sourcecode.swift; path = Product.swift; sourceTree = "<group>"; };
		B272DC282043BA8700EE2121 /* Home.png */ = {isa = PBXFileReference; lastKnownFileType = image.png; path = Home.png; sourceTree = "<group>"; };
		B272DC292043BA8700EE2121 /* Person.png */ = {isa = PBXFileReference; lastKnownFileType = image.png; path = Person.png; sourceTree = "<group>"; };
		B272DC2A2043BA8700EE2121 /* Cart Icon.png */ = {isa = PBXFileReference; lastKnownFileType = image.png; path = "Cart Icon.png"; sourceTree = "<group>"; };
		B272DC2B2043BA8700EE2121 /* Notification Icon.png */ = {isa = PBXFileReference; lastKnownFileType = image.png; path = "Notification Icon.png"; sourceTree = "<group>"; };
		B272DC2D2043BBE400EE2121 /* AppData.swift */ = {isa = PBXFileReference; fileEncoding = 4; lastKnownFileType = sourcecode.swift; path = AppData.swift; sourceTree = "<group>"; };
		B29AEC5E203FC9C100110EF9 /* Mito 1.0.app */ = {isa = PBXFileReference; explicitFileType = wrapper.application; includeInIndex = 0; path = "Mito 1.0.app"; sourceTree = BUILT_PRODUCTS_DIR; };
		B29AEC61203FC9C100110EF9 /* AppDelegate.swift */ = {isa = PBXFileReference; lastKnownFileType = sourcecode.swift; path = AppDelegate.swift; sourceTree = "<group>"; };
		B29AEC63203FC9C100110EF9 /* ViewController.swift */ = {isa = PBXFileReference; lastKnownFileType = sourcecode.swift; path = ViewController.swift; sourceTree = "<group>"; };
		B29AEC66203FC9C100110EF9 /* Base */ = {isa = PBXFileReference; lastKnownFileType = file.storyboard; name = Base; path = Base.lproj/Main.storyboard; sourceTree = "<group>"; };
		B29AEC68203FC9C100110EF9 /* Assets.xcassets */ = {isa = PBXFileReference; lastKnownFileType = folder.assetcatalog; path = Assets.xcassets; sourceTree = "<group>"; };
		B29AEC6B203FC9C100110EF9 /* Base */ = {isa = PBXFileReference; lastKnownFileType = file.storyboard; name = Base; path = Base.lproj/LaunchScreen.storyboard; sourceTree = "<group>"; };
		B29AEC6D203FC9C100110EF9 /* Info.plist */ = {isa = PBXFileReference; lastKnownFileType = text.plist.xml; path = Info.plist; sourceTree = "<group>"; };
		B29AEC72203FC9C200110EF9 /* Mito 1.0Tests.xctest */ = {isa = PBXFileReference; explicitFileType = wrapper.cfbundle; includeInIndex = 0; path = "Mito 1.0Tests.xctest"; sourceTree = BUILT_PRODUCTS_DIR; };
		B29AEC76203FC9C200110EF9 /* Mito_1_0Tests.swift */ = {isa = PBXFileReference; lastKnownFileType = sourcecode.swift; path = Mito_1_0Tests.swift; sourceTree = "<group>"; };
		B29AEC78203FC9C200110EF9 /* Info.plist */ = {isa = PBXFileReference; lastKnownFileType = text.plist.xml; path = Info.plist; sourceTree = "<group>"; };
		B29AEC7D203FC9C200110EF9 /* Mito 1.0UITests.xctest */ = {isa = PBXFileReference; explicitFileType = wrapper.cfbundle; includeInIndex = 0; path = "Mito 1.0UITests.xctest"; sourceTree = BUILT_PRODUCTS_DIR; };
		B29AEC81203FC9C200110EF9 /* Mito_1_0UITests.swift */ = {isa = PBXFileReference; lastKnownFileType = sourcecode.swift; path = Mito_1_0UITests.swift; sourceTree = "<group>"; };
		B29AEC83203FC9C200110EF9 /* Info.plist */ = {isa = PBXFileReference; lastKnownFileType = text.plist.xml; path = Info.plist; sourceTree = "<group>"; };
		B2F849442043C33F00CBD83A /* MeViewController.swift */ = {isa = PBXFileReference; lastKnownFileType = sourcecode.swift; path = MeViewController.swift; sourceTree = "<group>"; };
		B2F849462043CAA900CBD83A /* SettingsViewController.swift */ = {isa = PBXFileReference; lastKnownFileType = sourcecode.swift; path = SettingsViewController.swift; sourceTree = "<group>"; };
		B2F8494E2043D71000CBD83A /* LoginViewController.swift */ = {isa = PBXFileReference; lastKnownFileType = sourcecode.swift; path = LoginViewController.swift; sourceTree = "<group>"; };
		DA27C217204353FF00CCFD60 /* HomeViewController.swift */ = {isa = PBXFileReference; lastKnownFileType = sourcecode.swift; path = HomeViewController.swift; sourceTree = "<group>"; };
		DA27C2192043550A00CCFD60 /* HomeTableViewCell.swift */ = {isa = PBXFileReference; lastKnownFileType = sourcecode.swift; path = HomeTableViewCell.swift; sourceTree = "<group>"; };
		DA27C21B204356B400CCFD60 /* FeedItem.swift */ = {isa = PBXFileReference; lastKnownFileType = sourcecode.swift; path = FeedItem.swift; sourceTree = "<group>"; };
		DA27C21D204371CE00CCFD60 /* ProductDetailsViewController.swift */ = {isa = PBXFileReference; lastKnownFileType = sourcecode.swift; path = ProductDetailsViewController.swift; sourceTree = "<group>"; };
		DA27C21F2043736400CCFD60 /* Sopheak.png */ = {isa = PBXFileReference; lastKnownFileType = image.png; path = Sopheak.png; sourceTree = "<group>"; };
		DA49F1DA2055EF9E0018ABA4 /* ProductViewController.swift */ = {isa = PBXFileReference; lastKnownFileType = sourcecode.swift; path = ProductViewController.swift; sourceTree = "<group>"; };
		DA4FC9EE2045E0D300999F28 /* profileInfo.json */ = {isa = PBXFileReference; fileEncoding = 4; lastKnownFileType = text.json; path = profileInfo.json; sourceTree = SOURCE_ROOT; };
		DA5D683D2058A45F00E86BE8 /* Base */ = {isa = PBXFileReference; lastKnownFileType = file.storyboard; name = Base; path = "Mito 1.0/Base.lproj/ProductDetails.storyboard"; sourceTree = "<group>"; };
		DAD995302042386E007A7687 /* SearchViewController.swift */ = {isa = PBXFileReference; lastKnownFileType = sourcecode.swift; path = SearchViewController.swift; sourceTree = "<group>"; };
		DAD995322042389B007A7687 /* Person.swift */ = {isa = PBXFileReference; lastKnownFileType = sourcecode.swift; path = Person.swift; sourceTree = "<group>"; };
		DAD9953420423A4B007A7687 /* Andre.png */ = {isa = PBXFileReference; lastKnownFileType = image.png; path = Andre.png; sourceTree = "<group>"; };
		DAD9953620423EE9007A7687 /* TableViewCell.swift */ = {isa = PBXFileReference; lastKnownFileType = sourcecode.swift; path = TableViewCell.swift; sourceTree = "<group>"; };
		DAD9A19F204FD1C800E3AA5F /* ProductTableViewCell.swift */ = {isa = PBXFileReference; lastKnownFileType = sourcecode.swift; path = ProductTableViewCell.swift; sourceTree = "<group>"; };
		E6908C73F6FF5F893922619E /* Pods-Mito 1.0.debug.xcconfig */ = {isa = PBXFileReference; includeInIndex = 1; lastKnownFileType = text.xcconfig; name = "Pods-Mito 1.0.debug.xcconfig"; path = "Pods/Target Support Files/Pods-Mito 1.0/Pods-Mito 1.0.debug.xcconfig"; sourceTree = "<group>"; };
/* End PBXFileReference section */

/* Begin PBXFrameworksBuildPhase section */
		B29AEC5B203FC9C100110EF9 /* Frameworks */ = {
			isa = PBXFrameworksBuildPhase;
			buildActionMask = 2147483647;
			files = (
				BF623C7A17D127F65C5BFF46 /* Pods_Mito_1_0.framework in Frameworks */,
			);
			runOnlyForDeploymentPostprocessing = 0;
		};
		B29AEC6F203FC9C200110EF9 /* Frameworks */ = {
			isa = PBXFrameworksBuildPhase;
			buildActionMask = 2147483647;
			files = (
			);
			runOnlyForDeploymentPostprocessing = 0;
		};
		B29AEC7A203FC9C200110EF9 /* Frameworks */ = {
			isa = PBXFrameworksBuildPhase;
			buildActionMask = 2147483647;
			files = (
			);
			runOnlyForDeploymentPostprocessing = 0;
		};
/* End PBXFrameworksBuildPhase section */

/* Begin PBXGroup section */
		81210DCF17B936C88D4BFFD9 /* Frameworks */ = {
			isa = PBXGroup;
			children = (
				00B658EBC5F86F98DCB37842 /* Pods_Mito_1_0.framework */,
			);
			name = Frameworks;
			sourceTree = "<group>";
		};
		B272DC272043BA8700EE2121 /* Icon */ = {
			isa = PBXGroup;
			children = (
				B272DC282043BA8700EE2121 /* Home.png */,
				B272DC292043BA8700EE2121 /* Person.png */,
				B247197220454C4D006CF6C2 /* GiftWhite.png */,
				B247197120454C4D006CF6C2 /* You’re so nice!.png */,
				B272DC2A2043BA8700EE2121 /* Cart Icon.png */,
				B272DC2B2043BA8700EE2121 /* Notification Icon.png */,
				B247197A2046245D006CF6C2 /* Blocked User SG.png */,
				B24719782046245D006CF6C2 /* Card SG.png */,
				B24719772046245D006CF6C2 /* Cart Icon SG .png */,
				B24719762046245C006CF6C2 /* Get Help SG.png */,
				B247197C2046245E006CF6C2 /* Lock SG.png */,
				B24719792046245D006CF6C2 /* Notification Icon SG.png */,
				B247197E2046245E006CF6C2 /* Profile SG.png */,
				B247197D2046245E006CF6C2 /* Settings SG.png */,
				B24719752046245C006CF6C2 /* Sign Out SG.png */,
				B247197B2046245D006CF6C2 /* trash SG.png */,
				B247198A204626ED006CF6C2 /* Cart Solid White Icon.png */,
				B2471989204626EC006CF6C2 /* search Grey.png */,
				B247198B204626ED006CF6C2 /* Search.png */,
			);
			path = Icon;
			sourceTree = "<group>";
		};
		B29AEC55203FC9C100110EF9 = {
			isa = PBXGroup;
			children = (
				B29AEC60203FC9C100110EF9 /* Mito 1.0 */,
				B29AEC75203FC9C200110EF9 /* Mito 1.0Tests */,
				B29AEC80203FC9C200110EF9 /* Mito 1.0UITests */,
				B29AEC5F203FC9C100110EF9 /* Products */,
				C2BBC53CCCF26C319C3EE2F1 /* Pods */,
				81210DCF17B936C88D4BFFD9 /* Frameworks */,
			);
			sourceTree = "<group>";
		};
		B29AEC5F203FC9C100110EF9 /* Products */ = {
			isa = PBXGroup;
			children = (
				B29AEC5E203FC9C100110EF9 /* Mito 1.0.app */,
				B29AEC72203FC9C200110EF9 /* Mito 1.0Tests.xctest */,
				B29AEC7D203FC9C200110EF9 /* Mito 1.0UITests.xctest */,
			);
			name = Products;
			sourceTree = "<group>";
		};
		B29AEC60203FC9C100110EF9 /* Mito 1.0 */ = {
			isa = PBXGroup;
			children = (
				B29AEC68203FC9C100110EF9 /* Assets.xcassets */,
				B272DC272043BA8700EE2121 /* Icon */,
				B244999E2040C340006FA81B /* fonts */,
				B272DC2D2043BBE400EE2121 /* AppData.swift */,
				B29AEC61203FC9C100110EF9 /* AppDelegate.swift */,
				B247196F20454733006CF6C2 /* CartTableViewCell.swift */,
				B247196D20453917006CF6C2 /* CartViewController.swift */,
				DA27C21B204356B400CCFD60 /* FeedItem.swift */,
				DA27C2192043550A00CCFD60 /* HomeTableViewCell.swift */,
				DA27C217204353FF00CCFD60 /* HomeViewController.swift */,
				B25490082058AE92000123D0 /* Login.storyboard */,
				B2F8494E2043D71000CBD83A /* LoginViewController.swift */,
				B29AEC65203FC9C100110EF9 /* Main.storyboard */,
				B2F849442043C33F00CBD83A /* MeViewController.swift */,
				B2471991204672B1006CF6C2 /* NotificationTableViewCell.swift */,
				B2471993204672DE006CF6C2 /* NotificationViewController.swift */,
				DA4FC9EE2045E0D300999F28 /* profileInfo.json */,
				DAD995322042389B007A7687 /* Person.swift */,
				B272DC2520439E2200EE2121 /* Product.swift */,
				DA27C21D204371CE00CCFD60 /* ProductDetailsViewController.swift */,
				DA5D683C2058A45F00E86BE8 /* ProductDetails.storyboard */,
				DAD9A19F204FD1C800E3AA5F /* ProductTableViewCell.swift */,
				DA49F1DA2055EF9E0018ABA4 /* ProductViewController.swift */,
				DAD995302042386E007A7687 /* SearchViewController.swift */,
				B2F849462043CAA900CBD83A /* SettingsViewController.swift */,
				DAD9953620423EE9007A7687 /* TableViewCell.swift */,
				B29AEC63203FC9C100110EF9 /* ViewController.swift */,
				B29AEC6A203FC9C100110EF9 /* LaunchScreen.storyboard */,
				B29AEC6D203FC9C100110EF9 /* Info.plist */,
				DAD9953420423A4B007A7687 /* Andre.png */,
				B2624CF1204F714D006B7DE6 /* Andre2.png */,
				DA27C21F2043736400CCFD60 /* Sopheak.png */,
				B2548FFA2055EA96000123D0 /* ammara.png */,
				B2548FFB2055EA96000123D0 /* avina.png */,
				B2548FF82055EA96000123D0 /* benny.png */,
				B2548FF92055EA96000123D0 /* jj.png */,
				B2548FF72055EA96000123D0 /* sarah.png */,
			);
			path = "Mito 1.0";
			sourceTree = "<group>";
		};
		B29AEC75203FC9C200110EF9 /* Mito 1.0Tests */ = {
			isa = PBXGroup;
			children = (
				B29AEC76203FC9C200110EF9 /* Mito_1_0Tests.swift */,
				B29AEC78203FC9C200110EF9 /* Info.plist */,
			);
			path = "Mito 1.0Tests";
			sourceTree = "<group>";
		};
		B29AEC80203FC9C200110EF9 /* Mito 1.0UITests */ = {
			isa = PBXGroup;
			children = (
				B29AEC81203FC9C200110EF9 /* Mito_1_0UITests.swift */,
				B29AEC83203FC9C200110EF9 /* Info.plist */,
			);
			path = "Mito 1.0UITests";
			sourceTree = "<group>";
		};
		C2BBC53CCCF26C319C3EE2F1 /* Pods */ = {
			isa = PBXGroup;
			children = (
				E6908C73F6FF5F893922619E /* Pods-Mito 1.0.debug.xcconfig */,
				84DCA3E27CF3BAF309A28CA2 /* Pods-Mito 1.0.release.xcconfig */,
			);
			name = Pods;
			sourceTree = "<group>";
		};
/* End PBXGroup section */

/* Begin PBXNativeTarget section */
		B29AEC5D203FC9C100110EF9 /* Mito 1.0 */ = {
			isa = PBXNativeTarget;
			buildConfigurationList = B29AEC86203FC9C200110EF9 /* Build configuration list for PBXNativeTarget "Mito 1.0" */;
			buildPhases = (
				5222DA150B2EBA970FDD0FFF /* [CP] Check Pods Manifest.lock */,
				B29AEC5A203FC9C100110EF9 /* Sources */,
				B29AEC5B203FC9C100110EF9 /* Frameworks */,
				B29AEC5C203FC9C100110EF9 /* Resources */,
				40CA1F31B46646A0518D4BDA /* [CP] Embed Pods Frameworks */,
				6212C51B0550D4CA14D1A782 /* [CP] Copy Pods Resources */,
			);
			buildRules = (
			);
			dependencies = (
			);
			name = "Mito 1.0";
			productName = "Mito 1.0";
			productReference = B29AEC5E203FC9C100110EF9 /* Mito 1.0.app */;
			productType = "com.apple.product-type.application";
		};
		B29AEC71203FC9C200110EF9 /* Mito 1.0Tests */ = {
			isa = PBXNativeTarget;
			buildConfigurationList = B29AEC89203FC9C200110EF9 /* Build configuration list for PBXNativeTarget "Mito 1.0Tests" */;
			buildPhases = (
				B29AEC6E203FC9C200110EF9 /* Sources */,
				B29AEC6F203FC9C200110EF9 /* Frameworks */,
				B29AEC70203FC9C200110EF9 /* Resources */,
			);
			buildRules = (
			);
			dependencies = (
				B29AEC74203FC9C200110EF9 /* PBXTargetDependency */,
			);
			name = "Mito 1.0Tests";
			productName = "Mito 1.0Tests";
			productReference = B29AEC72203FC9C200110EF9 /* Mito 1.0Tests.xctest */;
			productType = "com.apple.product-type.bundle.unit-test";
		};
		B29AEC7C203FC9C200110EF9 /* Mito 1.0UITests */ = {
			isa = PBXNativeTarget;
			buildConfigurationList = B29AEC8C203FC9C200110EF9 /* Build configuration list for PBXNativeTarget "Mito 1.0UITests" */;
			buildPhases = (
				B29AEC79203FC9C200110EF9 /* Sources */,
				B29AEC7A203FC9C200110EF9 /* Frameworks */,
				B29AEC7B203FC9C200110EF9 /* Resources */,
			);
			buildRules = (
			);
			dependencies = (
				B29AEC7F203FC9C200110EF9 /* PBXTargetDependency */,
			);
			name = "Mito 1.0UITests";
			productName = "Mito 1.0UITests";
			productReference = B29AEC7D203FC9C200110EF9 /* Mito 1.0UITests.xctest */;
			productType = "com.apple.product-type.bundle.ui-testing";
		};
/* End PBXNativeTarget section */

/* Begin PBXProject section */
		B29AEC56203FC9C100110EF9 /* Project object */ = {
			isa = PBXProject;
			attributes = {
				LastSwiftUpdateCheck = 0920;
				LastUpgradeCheck = 0920;
				ORGANIZATIONNAME = "Benny Souriyadeth";
				TargetAttributes = {
					B29AEC5D203FC9C100110EF9 = {
						CreatedOnToolsVersion = 9.2;
						ProvisioningStyle = Automatic;
					};
					B29AEC71203FC9C200110EF9 = {
						CreatedOnToolsVersion = 9.2;
						ProvisioningStyle = Automatic;
						TestTargetID = B29AEC5D203FC9C100110EF9;
					};
					B29AEC7C203FC9C200110EF9 = {
						CreatedOnToolsVersion = 9.2;
						ProvisioningStyle = Automatic;
						TestTargetID = B29AEC5D203FC9C100110EF9;
					};
				};
			};
			buildConfigurationList = B29AEC59203FC9C100110EF9 /* Build configuration list for PBXProject "Mito 1.0" */;
			compatibilityVersion = "Xcode 8.0";
			developmentRegion = en;
			hasScannedForEncodings = 0;
			knownRegions = (
				en,
				Base,
			);
			mainGroup = B29AEC55203FC9C100110EF9;
			productRefGroup = B29AEC5F203FC9C100110EF9 /* Products */;
			projectDirPath = "";
			projectRoot = "";
			targets = (
				B29AEC5D203FC9C100110EF9 /* Mito 1.0 */,
				B29AEC71203FC9C200110EF9 /* Mito 1.0Tests */,
				B29AEC7C203FC9C200110EF9 /* Mito 1.0UITests */,
			);
		};
/* End PBXProject section */

/* Begin PBXResourcesBuildPhase section */
		B29AEC5C203FC9C100110EF9 /* Resources */ = {
			isa = PBXResourcesBuildPhase;
			buildActionMask = 2147483647;
			files = (
				B29AEC6C203FC9C100110EF9 /* LaunchScreen.storyboard in Resources */,
				B247198D204626ED006CF6C2 /* Cart Solid White Icon.png in Resources */,
				B2548FFD2055EA97000123D0 /* benny.png in Resources */,
				B24719832046245E006CF6C2 /* Notification Icon SG.png in Resources */,
				DA5D683E2058A45F00E86BE8 /* ProductDetails.storyboard in Resources */,
				DA27C2202043736400CCFD60 /* Sopheak.png in Resources */,
				B29AEC69203FC9C100110EF9 /* Assets.xcassets in Resources */,
				B24719862046245E006CF6C2 /* Lock SG.png in Resources */,
				B25490092058AE92000123D0 /* Login.storyboard in Resources */,
				B24719822046245E006CF6C2 /* Card SG.png in Resources */,
				B247197420454C4E006CF6C2 /* GiftWhite.png in Resources */,
				B29AEC67203FC9C100110EF9 /* Main.storyboard in Resources */,
				B2548FFF2055EA97000123D0 /* ammara.png in Resources */,
				B24719812046245E006CF6C2 /* Cart Icon SG .png in Resources */,
				B244999F2040C340006FA81B /* fonts in Resources */,
				B2548FFC2055EA97000123D0 /* sarah.png in Resources */,
				B2548FFE2055EA97000123D0 /* jj.png in Resources */,
				B247197320454C4E006CF6C2 /* You’re so nice!.png in Resources */,
				B247198C204626ED006CF6C2 /* search Grey.png in Resources */,
				B24719872046245E006CF6C2 /* Settings SG.png in Resources */,
				B24719802046245E006CF6C2 /* Get Help SG.png in Resources */,
				B24719882046245E006CF6C2 /* Profile SG.png in Resources */,
				B2624CF2204F714D006B7DE6 /* Andre2.png in Resources */,
				B24719852046245E006CF6C2 /* trash SG.png in Resources */,
				B247197F2046245E006CF6C2 /* Sign Out SG.png in Resources */,
				DA4FC9EF2045E0D300999F28 /* profileInfo.json in Resources */,
				B247198E204626ED006CF6C2 /* Search.png in Resources */,
				DAD9953520423A4B007A7687 /* Andre.png in Resources */,
				B24719842046245E006CF6C2 /* Blocked User SG.png in Resources */,
				B25490002055EA97000123D0 /* avina.png in Resources */,
			);
			runOnlyForDeploymentPostprocessing = 0;
		};
		B29AEC70203FC9C200110EF9 /* Resources */ = {
			isa = PBXResourcesBuildPhase;
			buildActionMask = 2147483647;
			files = (
			);
			runOnlyForDeploymentPostprocessing = 0;
		};
		B29AEC7B203FC9C200110EF9 /* Resources */ = {
			isa = PBXResourcesBuildPhase;
			buildActionMask = 2147483647;
			files = (
			);
			runOnlyForDeploymentPostprocessing = 0;
		};
/* End PBXResourcesBuildPhase section */

/* Begin PBXShellScriptBuildPhase section */
		40CA1F31B46646A0518D4BDA /* [CP] Embed Pods Frameworks */ = {
			isa = PBXShellScriptBuildPhase;
			buildActionMask = 2147483647;
			files = (
			);
			inputPaths = (
				"${SRCROOT}/Pods/Target Support Files/Pods-Mito 1.0/Pods-Mito 1.0-frameworks.sh",
				"${BUILT_PRODUCTS_DIR}/Alamofire/Alamofire.framework",
			);
			name = "[CP] Embed Pods Frameworks";
			outputPaths = (
				"${TARGET_BUILD_DIR}/${FRAMEWORKS_FOLDER_PATH}/Alamofire.framework",
			);
			runOnlyForDeploymentPostprocessing = 0;
			shellPath = /bin/sh;
			shellScript = "\"${SRCROOT}/Pods/Target Support Files/Pods-Mito 1.0/Pods-Mito 1.0-frameworks.sh\"\n";
			showEnvVarsInLog = 0;
		};
		5222DA150B2EBA970FDD0FFF /* [CP] Check Pods Manifest.lock */ = {
			isa = PBXShellScriptBuildPhase;
			buildActionMask = 2147483647;
			files = (
			);
			inputPaths = (
				"${PODS_PODFILE_DIR_PATH}/Podfile.lock",
				"${PODS_ROOT}/Manifest.lock",
			);
			name = "[CP] Check Pods Manifest.lock";
			outputPaths = (
				"$(DERIVED_FILE_DIR)/Pods-Mito 1.0-checkManifestLockResult.txt",
			);
			runOnlyForDeploymentPostprocessing = 0;
			shellPath = /bin/sh;
			shellScript = "diff \"${PODS_PODFILE_DIR_PATH}/Podfile.lock\" \"${PODS_ROOT}/Manifest.lock\" > /dev/null\nif [ $? != 0 ] ; then\n    # print error to STDERR\n    echo \"error: The sandbox is not in sync with the Podfile.lock. Run 'pod install' or update your CocoaPods installation.\" >&2\n    exit 1\nfi\n# This output is used by Xcode 'outputs' to avoid re-running this script phase.\necho \"SUCCESS\" > \"${SCRIPT_OUTPUT_FILE_0}\"\n";
			showEnvVarsInLog = 0;
		};
		6212C51B0550D4CA14D1A782 /* [CP] Copy Pods Resources */ = {
			isa = PBXShellScriptBuildPhase;
			buildActionMask = 2147483647;
			files = (
			);
			inputPaths = (
			);
			name = "[CP] Copy Pods Resources";
			outputPaths = (
			);
			runOnlyForDeploymentPostprocessing = 0;
			shellPath = /bin/sh;
			shellScript = "\"${SRCROOT}/Pods/Target Support Files/Pods-Mito 1.0/Pods-Mito 1.0-resources.sh\"\n";
			showEnvVarsInLog = 0;
		};
/* End PBXShellScriptBuildPhase section */

/* Begin PBXSourcesBuildPhase section */
		B29AEC5A203FC9C100110EF9 /* Sources */ = {
			isa = PBXSourcesBuildPhase;
			buildActionMask = 2147483647;
			files = (
				B2F8494F2043D71000CBD83A /* LoginViewController.swift in Sources */,
				DAD995332042389B007A7687 /* Person.swift in Sources */,
				B29AEC64203FC9C100110EF9 /* ViewController.swift in Sources */,
				DAD9A1A0204FD1C800E3AA5F /* ProductTableViewCell.swift in Sources */,
				B29AEC62203FC9C100110EF9 /* AppDelegate.swift in Sources */,
				DA27C21E204371CE00CCFD60 /* ProductDetailsViewController.swift in Sources */,
				B272DC2E2043BBE400EE2121 /* AppData.swift in Sources */,
				DAD9953720423EE9007A7687 /* TableViewCell.swift in Sources */,
				B2471992204672B1006CF6C2 /* NotificationTableViewCell.swift in Sources */,
				B247196E20453917006CF6C2 /* CartViewController.swift in Sources */,
				B2F849452043C33F00CBD83A /* MeViewController.swift in Sources */,
				B272DC2620439E2200EE2121 /* Product.swift in Sources */,
				DA27C21C204356B400CCFD60 /* FeedItem.swift in Sources */,
				DA27C218204353FF00CCFD60 /* HomeViewController.swift in Sources */,
				B2F849472043CAA900CBD83A /* SettingsViewController.swift in Sources */,
				B2471994204672DE006CF6C2 /* NotificationViewController.swift in Sources */,
				DA27C21A2043550A00CCFD60 /* HomeTableViewCell.swift in Sources */,
				DAD995312042386E007A7687 /* SearchViewController.swift in Sources */,
				DA49F1DB2055EF9E0018ABA4 /* ProductViewController.swift in Sources */,
				B247197020454733006CF6C2 /* CartTableViewCell.swift in Sources */,
			);
			runOnlyForDeploymentPostprocessing = 0;
		};
		B29AEC6E203FC9C200110EF9 /* Sources */ = {
			isa = PBXSourcesBuildPhase;
			buildActionMask = 2147483647;
			files = (
				B29AEC77203FC9C200110EF9 /* Mito_1_0Tests.swift in Sources */,
			);
			runOnlyForDeploymentPostprocessing = 0;
		};
		B29AEC79203FC9C200110EF9 /* Sources */ = {
			isa = PBXSourcesBuildPhase;
			buildActionMask = 2147483647;
			files = (
				B29AEC82203FC9C200110EF9 /* Mito_1_0UITests.swift in Sources */,
			);
			runOnlyForDeploymentPostprocessing = 0;
		};
/* End PBXSourcesBuildPhase section */

/* Begin PBXTargetDependency section */
		B29AEC74203FC9C200110EF9 /* PBXTargetDependency */ = {
			isa = PBXTargetDependency;
			target = B29AEC5D203FC9C100110EF9 /* Mito 1.0 */;
			targetProxy = B29AEC73203FC9C200110EF9 /* PBXContainerItemProxy */;
		};
		B29AEC7F203FC9C200110EF9 /* PBXTargetDependency */ = {
			isa = PBXTargetDependency;
			target = B29AEC5D203FC9C100110EF9 /* Mito 1.0 */;
			targetProxy = B29AEC7E203FC9C200110EF9 /* PBXContainerItemProxy */;
		};
/* End PBXTargetDependency section */

/* Begin PBXVariantGroup section */
		B29AEC65203FC9C100110EF9 /* Main.storyboard */ = {
			isa = PBXVariantGroup;
			children = (
				B29AEC66203FC9C100110EF9 /* Base */,
			);
			name = Main.storyboard;
			sourceTree = "<group>";
		};
		B29AEC6A203FC9C100110EF9 /* LaunchScreen.storyboard */ = {
			isa = PBXVariantGroup;
			children = (
				B29AEC6B203FC9C100110EF9 /* Base */,
			);
			name = LaunchScreen.storyboard;
			sourceTree = "<group>";
		};
		DA5D683C2058A45F00E86BE8 /* ProductDetails.storyboard */ = {
			isa = PBXVariantGroup;
			children = (
				DA5D683D2058A45F00E86BE8 /* Base */,
			);
			name = ProductDetails.storyboard;
			sourceTree = "<group>";
		};
/* End PBXVariantGroup section */

/* Begin XCBuildConfiguration section */
		B29AEC84203FC9C200110EF9 /* Debug */ = {
			isa = XCBuildConfiguration;
			buildSettings = {
				ALWAYS_SEARCH_USER_PATHS = NO;
				CLANG_ANALYZER_NONNULL = YES;
				CLANG_ANALYZER_NUMBER_OBJECT_CONVERSION = YES_AGGRESSIVE;
				CLANG_CXX_LANGUAGE_STANDARD = "gnu++14";
				CLANG_CXX_LIBRARY = "libc++";
				CLANG_ENABLE_MODULES = YES;
				CLANG_ENABLE_OBJC_ARC = YES;
				CLANG_WARN_BLOCK_CAPTURE_AUTORELEASING = YES;
				CLANG_WARN_BOOL_CONVERSION = YES;
				CLANG_WARN_COMMA = YES;
				CLANG_WARN_CONSTANT_CONVERSION = YES;
				CLANG_WARN_DIRECT_OBJC_ISA_USAGE = YES_ERROR;
				CLANG_WARN_DOCUMENTATION_COMMENTS = YES;
				CLANG_WARN_EMPTY_BODY = YES;
				CLANG_WARN_ENUM_CONVERSION = YES;
				CLANG_WARN_INFINITE_RECURSION = YES;
				CLANG_WARN_INT_CONVERSION = YES;
				CLANG_WARN_NON_LITERAL_NULL_CONVERSION = YES;
				CLANG_WARN_OBJC_LITERAL_CONVERSION = YES;
				CLANG_WARN_OBJC_ROOT_CLASS = YES_ERROR;
				CLANG_WARN_RANGE_LOOP_ANALYSIS = YES;
				CLANG_WARN_STRICT_PROTOTYPES = YES;
				CLANG_WARN_SUSPICIOUS_MOVE = YES;
				CLANG_WARN_UNGUARDED_AVAILABILITY = YES_AGGRESSIVE;
				CLANG_WARN_UNREACHABLE_CODE = YES;
				CLANG_WARN__DUPLICATE_METHOD_MATCH = YES;
				CODE_SIGN_IDENTITY = "iPhone Developer";
				COPY_PHASE_STRIP = NO;
				DEBUG_INFORMATION_FORMAT = dwarf;
				ENABLE_STRICT_OBJC_MSGSEND = YES;
				ENABLE_TESTABILITY = YES;
				GCC_C_LANGUAGE_STANDARD = gnu11;
				GCC_DYNAMIC_NO_PIC = NO;
				GCC_NO_COMMON_BLOCKS = YES;
				GCC_OPTIMIZATION_LEVEL = 0;
				GCC_PREPROCESSOR_DEFINITIONS = (
					"DEBUG=1",
					"$(inherited)",
				);
				GCC_WARN_64_TO_32_BIT_CONVERSION = YES;
				GCC_WARN_ABOUT_RETURN_TYPE = YES_ERROR;
				GCC_WARN_UNDECLARED_SELECTOR = YES;
				GCC_WARN_UNINITIALIZED_AUTOS = YES_AGGRESSIVE;
				GCC_WARN_UNUSED_FUNCTION = YES;
				GCC_WARN_UNUSED_VARIABLE = YES;
				IPHONEOS_DEPLOYMENT_TARGET = 11.2;
				MTL_ENABLE_DEBUG_INFO = YES;
				ONLY_ACTIVE_ARCH = YES;
				SDKROOT = iphoneos;
				SWIFT_ACTIVE_COMPILATION_CONDITIONS = DEBUG;
				SWIFT_OPTIMIZATION_LEVEL = "-Onone";
			};
			name = Debug;
		};
		B29AEC85203FC9C200110EF9 /* Release */ = {
			isa = XCBuildConfiguration;
			buildSettings = {
				ALWAYS_SEARCH_USER_PATHS = NO;
				CLANG_ANALYZER_NONNULL = YES;
				CLANG_ANALYZER_NUMBER_OBJECT_CONVERSION = YES_AGGRESSIVE;
				CLANG_CXX_LANGUAGE_STANDARD = "gnu++14";
				CLANG_CXX_LIBRARY = "libc++";
				CLANG_ENABLE_MODULES = YES;
				CLANG_ENABLE_OBJC_ARC = YES;
				CLANG_WARN_BLOCK_CAPTURE_AUTORELEASING = YES;
				CLANG_WARN_BOOL_CONVERSION = YES;
				CLANG_WARN_COMMA = YES;
				CLANG_WARN_CONSTANT_CONVERSION = YES;
				CLANG_WARN_DIRECT_OBJC_ISA_USAGE = YES_ERROR;
				CLANG_WARN_DOCUMENTATION_COMMENTS = YES;
				CLANG_WARN_EMPTY_BODY = YES;
				CLANG_WARN_ENUM_CONVERSION = YES;
				CLANG_WARN_INFINITE_RECURSION = YES;
				CLANG_WARN_INT_CONVERSION = YES;
				CLANG_WARN_NON_LITERAL_NULL_CONVERSION = YES;
				CLANG_WARN_OBJC_LITERAL_CONVERSION = YES;
				CLANG_WARN_OBJC_ROOT_CLASS = YES_ERROR;
				CLANG_WARN_RANGE_LOOP_ANALYSIS = YES;
				CLANG_WARN_STRICT_PROTOTYPES = YES;
				CLANG_WARN_SUSPICIOUS_MOVE = YES;
				CLANG_WARN_UNGUARDED_AVAILABILITY = YES_AGGRESSIVE;
				CLANG_WARN_UNREACHABLE_CODE = YES;
				CLANG_WARN__DUPLICATE_METHOD_MATCH = YES;
				CODE_SIGN_IDENTITY = "iPhone Developer";
				COPY_PHASE_STRIP = NO;
				DEBUG_INFORMATION_FORMAT = "dwarf-with-dsym";
				ENABLE_NS_ASSERTIONS = NO;
				ENABLE_STRICT_OBJC_MSGSEND = YES;
				GCC_C_LANGUAGE_STANDARD = gnu11;
				GCC_NO_COMMON_BLOCKS = YES;
				GCC_WARN_64_TO_32_BIT_CONVERSION = YES;
				GCC_WARN_ABOUT_RETURN_TYPE = YES_ERROR;
				GCC_WARN_UNDECLARED_SELECTOR = YES;
				GCC_WARN_UNINITIALIZED_AUTOS = YES_AGGRESSIVE;
				GCC_WARN_UNUSED_FUNCTION = YES;
				GCC_WARN_UNUSED_VARIABLE = YES;
				IPHONEOS_DEPLOYMENT_TARGET = 11.2;
				MTL_ENABLE_DEBUG_INFO = NO;
				SDKROOT = iphoneos;
				SWIFT_OPTIMIZATION_LEVEL = "-Owholemodule";
				VALIDATE_PRODUCT = YES;
			};
			name = Release;
		};
		B29AEC87203FC9C200110EF9 /* Debug */ = {
			isa = XCBuildConfiguration;
			baseConfigurationReference = E6908C73F6FF5F893922619E /* Pods-Mito 1.0.debug.xcconfig */;
			buildSettings = {
				ASSETCATALOG_COMPILER_APPICON_NAME = AppIcon;
				CODE_SIGN_STYLE = Automatic;
				DEVELOPMENT_TEAM = 6KH97C972X;
				INFOPLIST_FILE = "Mito 1.0/Info.plist";
				IPHONEOS_DEPLOYMENT_TARGET = 11.2;
				LD_RUNPATH_SEARCH_PATHS = "$(inherited) @executable_path/Frameworks";
				PRODUCT_BUNDLE_IDENTIFIER = edu.uw.washington.andre.mito;
				PRODUCT_NAME = "$(TARGET_NAME)";
				SWIFT_VERSION = 4.0;
				TARGETED_DEVICE_FAMILY = "1,2";
			};
			name = Debug;
		};
		B29AEC88203FC9C200110EF9 /* Release */ = {
			isa = XCBuildConfiguration;
			baseConfigurationReference = 84DCA3E27CF3BAF309A28CA2 /* Pods-Mito 1.0.release.xcconfig */;
			buildSettings = {
				ASSETCATALOG_COMPILER_APPICON_NAME = AppIcon;
				CODE_SIGN_STYLE = Automatic;
				DEVELOPMENT_TEAM = 6KH97C972X;
				INFOPLIST_FILE = "Mito 1.0/Info.plist";
				IPHONEOS_DEPLOYMENT_TARGET = 11.2;
				LD_RUNPATH_SEARCH_PATHS = "$(inherited) @executable_path/Frameworks";
				PRODUCT_BUNDLE_IDENTIFIER = edu.uw.washington.andre.mito;
				PRODUCT_NAME = "$(TARGET_NAME)";
				SWIFT_VERSION = 4.0;
				TARGETED_DEVICE_FAMILY = "1,2";
			};
			name = Release;
		};
		B29AEC8A203FC9C200110EF9 /* Debug */ = {
			isa = XCBuildConfiguration;
			buildSettings = {
				ALWAYS_EMBED_SWIFT_STANDARD_LIBRARIES = YES;
				BUNDLE_LOADER = "$(TEST_HOST)";
				CODE_SIGN_STYLE = Automatic;
				DEVELOPMENT_TEAM = 6KH97C972X;
				INFOPLIST_FILE = "Mito 1.0Tests/Info.plist";
				LD_RUNPATH_SEARCH_PATHS = "$(inherited) @executable_path/Frameworks @loader_path/Frameworks";
				PRODUCT_BUNDLE_IDENTIFIER = "edu.uw.bennys.Mito-1-0Tests";
				PRODUCT_NAME = "$(TARGET_NAME)";
				SWIFT_VERSION = 4.0;
				TARGETED_DEVICE_FAMILY = "1,2";
				TEST_HOST = "$(BUILT_PRODUCTS_DIR)/Mito 1.0.app/Mito 1.0";
			};
			name = Debug;
		};
		B29AEC8B203FC9C200110EF9 /* Release */ = {
			isa = XCBuildConfiguration;
			buildSettings = {
				ALWAYS_EMBED_SWIFT_STANDARD_LIBRARIES = YES;
				BUNDLE_LOADER = "$(TEST_HOST)";
				CODE_SIGN_STYLE = Automatic;
				DEVELOPMENT_TEAM = 6KH97C972X;
				INFOPLIST_FILE = "Mito 1.0Tests/Info.plist";
				LD_RUNPATH_SEARCH_PATHS = "$(inherited) @executable_path/Frameworks @loader_path/Frameworks";
				PRODUCT_BUNDLE_IDENTIFIER = "edu.uw.bennys.Mito-1-0Tests";
				PRODUCT_NAME = "$(TARGET_NAME)";
				SWIFT_VERSION = 4.0;
				TARGETED_DEVICE_FAMILY = "1,2";
				TEST_HOST = "$(BUILT_PRODUCTS_DIR)/Mito 1.0.app/Mito 1.0";
			};
			name = Release;
		};
		B29AEC8D203FC9C200110EF9 /* Debug */ = {
			isa = XCBuildConfiguration;
			buildSettings = {
				ALWAYS_EMBED_SWIFT_STANDARD_LIBRARIES = YES;
				CODE_SIGN_STYLE = Automatic;
				DEVELOPMENT_TEAM = 6KH97C972X;
				INFOPLIST_FILE = "Mito 1.0UITests/Info.plist";
				LD_RUNPATH_SEARCH_PATHS = "$(inherited) @executable_path/Frameworks @loader_path/Frameworks";
				PRODUCT_BUNDLE_IDENTIFIER = "edu.uw.bennys.Mito-1-0UITests";
				PRODUCT_NAME = "$(TARGET_NAME)";
				SWIFT_VERSION = 4.0;
				TARGETED_DEVICE_FAMILY = "1,2";
				TEST_TARGET_NAME = "Mito 1.0";
			};
			name = Debug;
		};
		B29AEC8E203FC9C200110EF9 /* Release */ = {
			isa = XCBuildConfiguration;
			buildSettings = {
				ALWAYS_EMBED_SWIFT_STANDARD_LIBRARIES = YES;
				CODE_SIGN_STYLE = Automatic;
				DEVELOPMENT_TEAM = 6KH97C972X;
				INFOPLIST_FILE = "Mito 1.0UITests/Info.plist";
				LD_RUNPATH_SEARCH_PATHS = "$(inherited) @executable_path/Frameworks @loader_path/Frameworks";
				PRODUCT_BUNDLE_IDENTIFIER = "edu.uw.bennys.Mito-1-0UITests";
				PRODUCT_NAME = "$(TARGET_NAME)";
				SWIFT_VERSION = 4.0;
				TARGETED_DEVICE_FAMILY = "1,2";
				TEST_TARGET_NAME = "Mito 1.0";
			};
			name = Release;
		};
/* End XCBuildConfiguration section */

/* Begin XCConfigurationList section */
		B29AEC59203FC9C100110EF9 /* Build configuration list for PBXProject "Mito 1.0" */ = {
			isa = XCConfigurationList;
			buildConfigurations = (
				B29AEC84203FC9C200110EF9 /* Debug */,
				B29AEC85203FC9C200110EF9 /* Release */,
			);
			defaultConfigurationIsVisible = 0;
			defaultConfigurationName = Release;
		};
		B29AEC86203FC9C200110EF9 /* Build configuration list for PBXNativeTarget "Mito 1.0" */ = {
			isa = XCConfigurationList;
			buildConfigurations = (
				B29AEC87203FC9C200110EF9 /* Debug */,
				B29AEC88203FC9C200110EF9 /* Release */,
			);
			defaultConfigurationIsVisible = 0;
			defaultConfigurationName = Release;
		};
		B29AEC89203FC9C200110EF9 /* Build configuration list for PBXNativeTarget "Mito 1.0Tests" */ = {
			isa = XCConfigurationList;
			buildConfigurations = (
				B29AEC8A203FC9C200110EF9 /* Debug */,
				B29AEC8B203FC9C200110EF9 /* Release */,
			);
			defaultConfigurationIsVisible = 0;
			defaultConfigurationName = Release;
		};
		B29AEC8C203FC9C200110EF9 /* Build configuration list for PBXNativeTarget "Mito 1.0UITests" */ = {
			isa = XCConfigurationList;
			buildConfigurations = (
				B29AEC8D203FC9C200110EF9 /* Debug */,
				B29AEC8E203FC9C200110EF9 /* Release */,
			);
			defaultConfigurationIsVisible = 0;
			defaultConfigurationName = Release;
		};
/* End XCConfigurationList section */
	};
	rootObject = B29AEC56203FC9C100110EF9 /* Project object */;
}
