PODS:
  - Alamofire (4.7.0)
  - GoogleMaps (2.7.0):
    - GoogleMaps/Maps (= 2.7.0)
  - GoogleMaps/Base (2.7.0)
  - GoogleMaps/Maps (2.7.0):
    - GoogleMaps/Base
  - GooglePlacePicker (2.7.0):
    - GoogleMaps (= 2.7.0)
    - GooglePlaces (= 2.7.0)
  - GooglePlaces (2.7.0):
    - GoogleMaps/Base (= 2.7.0)
  - Starscream (3.0.4)

DEPENDENCIES:
  - Alamofire (~> 4.7)
  - GoogleMaps
  - GooglePlacePicker
  - GooglePlaces
  - Starscream (~> 3.0.2)

SPEC REPOS:
  https://github.com/CocoaPods/Specs.git:
    - Alamofire
    - GoogleMaps
    - GooglePlacePicker
    - GooglePlaces
    - Starscream

SPEC CHECKSUMS:
  Alamofire: 907e0a98eb68cdb7f9d1f541a563d6ac5dc77b25
  GoogleMaps: f79af95cb24d869457b1f961c93d3ce8b2f3b848
  GooglePlacePicker: 59ea44db173c58486ad6123993e81feefcbce9c3
  GooglePlaces: 3d06e6c99654545b4738ce49648745779c25f2ef
  Starscream: f5da93fe6984c77b694366bf7299b7dc63a76f26

PODFILE CHECKSUM: 080af549eca666046d75e165ba66076b1a5986b6

COCOAPODS: 1.5.0
